
Microsoft Visual Studio Solution File, Format Version 12.00
# Visual Studio Version 16
VisualStudioVersion = 16.0.30128.74
MinimumVisualStudioVersion = 10.0.40219.1
Project("{FAE04EC0-301F-11D3-BF4B-00C04F79EFBC}") = "IdentityManagement.Server", "IdentityManagement.Server\IdentityManagement.Server.csproj", "{7C89A5BF-1B21-4158-8D39-9D25E2B421CE}"
EndProject
Project("{FAE04EC0-301F-11D3-BF4B-00C04F79EFBC}") = "IdentityManagement.Infrastructure", "IdentityManagement.Infrastructure\IdentityManagement.Infrastructure.csproj", "{82D802C1-ED83-4252-A63F-A98A8C13B495}"
EndProject
Global
	GlobalSection(SolutionConfigurationPlatforms) = preSolution
		Debug|Any CPU = Debug|Any CPU
		Release|Any CPU = Release|Any CPU
	EndGlobalSection
	GlobalSection(ProjectConfigurationPlatforms) = postSolution
		{7C89A5BF-1B21-4158-8D39-9D25E2B421CE}.Debug|Any CPU.ActiveCfg = Debug|Any CPU
		{7C89A5BF-1B21-4158-8D39-9D25E2B421CE}.Debug|Any CPU.Build.0 = Debug|Any CPU
		{7C89A5BF-1B21-4158-8D39-9D25E2B421CE}.Release|Any CPU.ActiveCfg = Release|Any CPU
		{7C89A5BF-1B21-4158-8D39-9D25E2B421CE}.Release|Any CPU.Build.0 = Release|Any CPU
		{82D802C1-ED83-4252-A63F-A98A8C13B495}.Debug|Any CPU.ActiveCfg = Debug|Any CPU
		{82D802C1-ED83-4252-A63F-A98A8C13B495}.Debug|Any CPU.Build.0 = Debug|Any CPU
		{82D802C1-ED83-4252-A63F-A98A8C13B495}.Release|Any CPU.ActiveCfg = Release|Any CPU
		{82D802C1-ED83-4252-A63F-A98A8C13B495}.Release|Any CPU.Build.0 = Release|Any CPU
	EndGlobalSection
	GlobalSection(SolutionProperties) = preSolution
		HideSolutionNode = FALSE
	EndGlobalSection
	GlobalSection(ExtensibilityGlobals) = postSolution
		SolutionGuid = {F32E5A78-8873-47C8-A84A-DA633EBDC1D0}
	EndGlobalSection
EndGlobal
